
Microsoft Visual Studio Solution File, Format Version 12.00
# Visual Studio Version 17
VisualStudioVersion = 17.7.34024.191
MinimumVisualStudioVersion = 10.0.40219.1
Project("{FAE04EC0-301F-11D3-BF4B-00C04F79EFBC}") = "BMSR20230906Cookies", "BMSR20230906Cookies\BMSR20230906Cookies.csproj", "{06E52838-C6C6-4567-8C37-03BC6EAEC53C}"
EndProject
Global
	GlobalSection(SolutionConfigurationPlatforms) = preSolution
		Debug|Any CPU = Debug|Any CPU
		Release|Any CPU = Release|Any CPU
	EndGlobalSection
	GlobalSection(ProjectConfigurationPlatforms) = postSolution
		{06E52838-C6C6-4567-8C37-03BC6EAEC53C}.Debug|Any CPU.ActiveCfg = Debug|Any CPU
		{06E52838-C6C6-4567-8C37-03BC6EAEC53C}.Debug|Any CPU.Build.0 = Debug|Any CPU
		{06E52838-C6C6-4567-8C37-03BC6EAEC53C}.Release|Any CPU.ActiveCfg = Release|Any CPU
		{06E52838-C6C6-4567-8C37-03BC6EAEC53C}.Release|Any CPU.Build.0 = Release|Any CPU
	EndGlobalSection
	GlobalSection(SolutionProperties) = preSolution
		HideSolutionNode = FALSE
	EndGlobalSection
	GlobalSection(ExtensibilityGlobals) = postSolution
		SolutionGuid = {81E50E4F-D05E-429C-98F2-21925CFF12A0}
	EndGlobalSection
EndGlobal
